# This file was autogenerated by Stack.
# You should not edit this file by hand.
# For more information, please see the documentation at:
#   https://docs.haskellstack.org/en/stable/lock_files

packages:
- completed:
    cabal-file:
      size: 2860
      sha256: 6938e2396e32145a98e7a2f7bd41972f5d7363263b7fb7f037a1de2b8b660462
    name: elm-export
    version: 0.6.0.1
    git: git@github.com:NoRedInk/elm-export
    pantry-tree:
      size: 3086
      sha256: f47b830e20cf0f42674627c8d93389e4fef8ba05c0307263884e1c55264a695f
    commit: a6b7a9a315bd24cde663012fcbb5fd35d1129a72
  original:
    git: git@github.com:NoRedInk/elm-export
    commit: a6b7a9a315bd24cde663012fcbb5fd35d1129a72
snapshots:
- completed:
    size: 469332
    url: https://raw.githubusercontent.com/commercialhaskell/stackage-snapshots/master/lts/8/0.yaml
    sha256: 76e43a5ddf7ab2e0113147a116f40540a00a3fd7d2adcdfe8b94db33c24d3158
  original: lts-8.0
